
Microsoft Visual Studio Solution File, Format Version 12.00
# Visual Studio 15
Project("{FAE04EC0-301F-11D3-BF4B-00C04F79EFBC}") = "Assembly-CSharp", "Assembly-CSharp.csproj", "{A0CDE698-015E-7BCA-D7B2-D5F4F6FAC07F}"
EndProject
Project("{FAE04EC0-301F-11D3-BF4B-00C04F79EFBC}") = "Assembly-CSharp-Editor", "Assembly-CSharp-Editor.csproj", "{FA3414E2-B795-D3C7-A8F8-EA7CE8C4CABF}"
EndProject
Global
	GlobalSection(SolutionConfigurationPlatforms) = preSolution
		Debug|Any CPU = Debug|Any CPU
		Release|Any CPU = Release|Any CPU
	EndGlobalSection
	GlobalSection(ProjectConfigurationPlatforms) = postSolution
		{A0CDE698-015E-7BCA-D7B2-D5F4F6FAC07F}.Debug|Any CPU.ActiveCfg = Debug|Any CPU
		{A0CDE698-015E-7BCA-D7B2-D5F4F6FAC07F}.Debug|Any CPU.Build.0 = Debug|Any CPU
		{A0CDE698-015E-7BCA-D7B2-D5F4F6FAC07F}.Release|Any CPU.ActiveCfg = Release|Any CPU
		{A0CDE698-015E-7BCA-D7B2-D5F4F6FAC07F}.Release|Any CPU.Build.0 = Release|Any CPU
		{FA3414E2-B795-D3C7-A8F8-EA7CE8C4CABF}.Debug|Any CPU.ActiveCfg = Debug|Any CPU
		{FA3414E2-B795-D3C7-A8F8-EA7CE8C4CABF}.Debug|Any CPU.Build.0 = Debug|Any CPU
		{FA3414E2-B795-D3C7-A8F8-EA7CE8C4CABF}.Release|Any CPU.ActiveCfg = Release|Any CPU
		{FA3414E2-B795-D3C7-A8F8-EA7CE8C4CABF}.Release|Any CPU.Build.0 = Release|Any CPU
	EndGlobalSection
	GlobalSection(SolutionProperties) = preSolution
		HideSolutionNode = FALSE
	EndGlobalSection
EndGlobal
