
Microsoft Visual Studio Solution File, Format Version 12.00
# Visual Studio 15
Project("{FAE04EC0-301F-11D3-BF4B-00C04F79EFBC}") = "Assembly-CSharp", "Assembly-CSharp.csproj", "{C155E5CE-D79C-6D0F-8958-0F8628E9ADF7}"
EndProject
Project("{FAE04EC0-301F-11D3-BF4B-00C04F79EFBC}") = "Assembly-CSharp-Editor", "Assembly-CSharp-Editor.csproj", "{E098D9E1-8F5E-CAD8-E04A-D89BF9A29B73}"
EndProject
Global
	GlobalSection(SolutionConfigurationPlatforms) = preSolution
		Debug|Any CPU = Debug|Any CPU
		Release|Any CPU = Release|Any CPU
	EndGlobalSection
	GlobalSection(ProjectConfigurationPlatforms) = postSolution
		{C155E5CE-D79C-6D0F-8958-0F8628E9ADF7}.Debug|Any CPU.ActiveCfg = Debug|Any CPU
		{C155E5CE-D79C-6D0F-8958-0F8628E9ADF7}.Debug|Any CPU.Build.0 = Debug|Any CPU
		{C155E5CE-D79C-6D0F-8958-0F8628E9ADF7}.Release|Any CPU.ActiveCfg = Release|Any CPU
		{C155E5CE-D79C-6D0F-8958-0F8628E9ADF7}.Release|Any CPU.Build.0 = Release|Any CPU
		{E098D9E1-8F5E-CAD8-E04A-D89BF9A29B73}.Debug|Any CPU.ActiveCfg = Debug|Any CPU
		{E098D9E1-8F5E-CAD8-E04A-D89BF9A29B73}.Debug|Any CPU.Build.0 = Debug|Any CPU
		{E098D9E1-8F5E-CAD8-E04A-D89BF9A29B73}.Release|Any CPU.ActiveCfg = Release|Any CPU
		{E098D9E1-8F5E-CAD8-E04A-D89BF9A29B73}.Release|Any CPU.Build.0 = Release|Any CPU
	EndGlobalSection
	GlobalSection(SolutionProperties) = preSolution
		HideSolutionNode = FALSE
	EndGlobalSection
EndGlobal
